
Microsoft Visual Studio Solution File, Format Version 12.00
Project("{2150E333-8FDC-42A3-9474-1A3956D46DE8}") = "Managed", "Managed", "{1C2253CE-32EB-4A80-9C1D-3E4A16626AE8}"
EndProject
Project("{2150E333-8FDC-42A3-9474-1A3956D46DE8}") = "UnrealSharp", "UnrealSharp", "{4E09386F-64C1-4B64-863D-67C199AF2B82}"
EndProject
Project("{FAE04EC0-301F-11D3-BF4B-00C04F79EFBC}") = "UnrealSharp", "Managed\UnrealSharp\UnrealSharp\UnrealSharp.csproj", "{889F6A84-6B1F-4690-A1D0-DF4ADDE2CC67}"
EndProject
Project("{FAE04EC0-301F-11D3-BF4B-00C04F79EFBC}") = "UnrealSharp.Binds", "Managed\UnrealSharp\UnrealSharp.Binds\UnrealSharp.Binds.csproj", "{9DD1F8BE-53CE-4819-A6DB-2F2AE6051B9C}"
EndProject
Project("{FAE04EC0-301F-11D3-BF4B-00C04F79EFBC}") = "UnrealSharp.Core", "Managed\UnrealSharp\UnrealSharp.Core\UnrealSharp.Core.csproj", "{96C3330D-29EE-4AC7-BF89-E6E721CD97AA}"
EndProject
Project("{FAE04EC0-301F-11D3-BF4B-00C04F79EFBC}") = "UnrealSharp.EditorSourceGenerators", "Managed\UnrealSharp\UnrealSharp.EditorSourceGenerators\UnrealSharp.EditorSourceGenerators\UnrealSharp.EditorSourceGenerators.csproj", "{DFC9CDEF-546A-4B1C-9D6A-87BCA7E24E4C}"
EndProject
Project("{FAE04EC0-301F-11D3-BF4B-00C04F79EFBC}") = "UnrealSharp.ExtensionSourceGenerators", "Managed\UnrealSharp\UnrealSharp.ExtensionSourceGenerators\UnrealSharp.ExtensionSourceGenerators.csproj", "{445FB17D-43E3-4CDD-B96F-3CE0D1A26CDF}"
EndProject
Project("{FAE04EC0-301F-11D3-BF4B-00C04F79EFBC}") = "UnrealSharp.Log", "Managed\UnrealSharp\UnrealSharp.Log\UnrealSharp.Log.csproj", "{8FE733C1-87E8-4263-A2AD-F3B631FB08FD}"
EndProject
Project("{FAE04EC0-301F-11D3-BF4B-00C04F79EFBC}") = "UnrealSharp.Plugins", "Managed\UnrealSharp\UnrealSharp.Plugins\UnrealSharp.Plugins.csproj", "{2938AEE8-C743-4E1D-83B4-DA2FCED27D2C}"
EndProject
Project("{FAE04EC0-301F-11D3-BF4B-00C04F79EFBC}") = "UnrealSharp.SourceGenerators", "Managed\UnrealSharp\UnrealSharp.SourceGenerators\UnrealSharp.SourceGenerators.csproj", "{23D13F93-9174-4631-9ED6-DB0105FC3A99}"
EndProject
Project("{FAE04EC0-301F-11D3-BF4B-00C04F79EFBC}") = "UnrealSharp.StaticVars", "Managed\UnrealSharp\UnrealSharp.StaticVars\UnrealSharp.StaticVars.csproj", "{3C21EAAB-270F-4176-94BD-B24F73FF5852}"
EndProject
Project("{2150E333-8FDC-42A3-9474-1A3956D46DE8}") = "UnrealSharpPrograms", "UnrealSharpPrograms", "{1DA7A72C-8FA5-4059-83AB-31D1148DDB8F}"
EndProject
Project("{FAE04EC0-301F-11D3-BF4B-00C04F79EFBC}") = "UnrealSharpBuildTool", "Managed\UnrealSharpPrograms\UnrealSharpBuildTool\UnrealSharpBuildTool.csproj", "{CBB98BF4-B0B6-49CD-BBB3-FD0D372CDED2}"
EndProject
Project("{FAE04EC0-301F-11D3-BF4B-00C04F79EFBC}") = "UnrealSharpWeaver", "Managed\UnrealSharpPrograms\UnrealSharpWeaver\UnrealSharpWeaver.csproj", "{B7341E56-6BD6-484E-83B2-3C57F2893CE4}"
EndProject
Project("{2150E333-8FDC-42A3-9474-1A3956D46DE8}") = "Source", "Source", "{3E4761CE-C36A-4EF4-997C-386378A9BB02}"
EndProject
Project("{FAE04EC0-301F-11D3-BF4B-00C04F79EFBC}") = "UnrealSharpManagedGlue.ubtplugin", "Source\UnrealSharpManagedGlue\UnrealSharpManagedGlue.ubtplugin.csproj", "{E495FA66-9A5D-4015-BD3E-E4E8E10BF165}"
EndProject
Global
	GlobalSection(SolutionConfigurationPlatforms) = preSolution
		Debug|Any CPU = Debug|Any CPU
		Release|Any CPU = Release|Any CPU
	EndGlobalSection
	GlobalSection(NestedProjects) = preSolution
		{4E09386F-64C1-4B64-863D-67C199AF2B82} = {1C2253CE-32EB-4A80-9C1D-3E4A16626AE8}
		{889F6A84-6B1F-4690-A1D0-DF4ADDE2CC67} = {4E09386F-64C1-4B64-863D-67C199AF2B82}
		{9DD1F8BE-53CE-4819-A6DB-2F2AE6051B9C} = {4E09386F-64C1-4B64-863D-67C199AF2B82}
		{96C3330D-29EE-4AC7-BF89-E6E721CD97AA} = {4E09386F-64C1-4B64-863D-67C199AF2B82}
		{DFC9CDEF-546A-4B1C-9D6A-87BCA7E24E4C} = {4E09386F-64C1-4B64-863D-67C199AF2B82}
		{445FB17D-43E3-4CDD-B96F-3CE0D1A26CDF} = {4E09386F-64C1-4B64-863D-67C199AF2B82}
		{8FE733C1-87E8-4263-A2AD-F3B631FB08FD} = {4E09386F-64C1-4B64-863D-67C199AF2B82}
		{2938AEE8-C743-4E1D-83B4-DA2FCED27D2C} = {4E09386F-64C1-4B64-863D-67C199AF2B82}
		{23D13F93-9174-4631-9ED6-DB0105FC3A99} = {4E09386F-64C1-4B64-863D-67C199AF2B82}
		{3C21EAAB-270F-4176-94BD-B24F73FF5852} = {4E09386F-64C1-4B64-863D-67C199AF2B82}
		{1DA7A72C-8FA5-4059-83AB-31D1148DDB8F} = {1C2253CE-32EB-4A80-9C1D-3E4A16626AE8}
		{CBB98BF4-B0B6-49CD-BBB3-FD0D372CDED2} = {1DA7A72C-8FA5-4059-83AB-31D1148DDB8F}
		{B7341E56-6BD6-484E-83B2-3C57F2893CE4} = {1DA7A72C-8FA5-4059-83AB-31D1148DDB8F}
		{E495FA66-9A5D-4015-BD3E-E4E8E10BF165} = {3E4761CE-C36A-4EF4-997C-386378A9BB02}
	EndGlobalSection
	GlobalSection(ProjectConfigurationPlatforms) = postSolution
		{889F6A84-6B1F-4690-A1D0-DF4ADDE2CC67}.Debug|Any CPU.ActiveCfg = Debug|Any CPU
		{889F6A84-6B1F-4690-A1D0-DF4ADDE2CC67}.Debug|Any CPU.Build.0 = Debug|Any CPU
		{889F6A84-6B1F-4690-A1D0-DF4ADDE2CC67}.Release|Any CPU.ActiveCfg = Release|Any CPU
		{889F6A84-6B1F-4690-A1D0-DF4ADDE2CC67}.Release|Any CPU.Build.0 = Release|Any CPU
		{9DD1F8BE-53CE-4819-A6DB-2F2AE6051B9C}.Debug|Any CPU.ActiveCfg = Debug|Any CPU
		{9DD1F8BE-53CE-4819-A6DB-2F2AE6051B9C}.Debug|Any CPU.Build.0 = Debug|Any CPU
		{9DD1F8BE-53CE-4819-A6DB-2F2AE6051B9C}.Release|Any CPU.ActiveCfg = Release|Any CPU
		{9DD1F8BE-53CE-4819-A6DB-2F2AE6051B9C}.Release|Any CPU.Build.0 = Release|Any CPU
		{96C3330D-29EE-4AC7-BF89-E6E721CD97AA}.Debug|Any CPU.ActiveCfg = Debug|Any CPU
		{96C3330D-29EE-4AC7-BF89-E6E721CD97AA}.Debug|Any CPU.Build.0 = Debug|Any CPU
		{96C3330D-29EE-4AC7-BF89-E6E721CD97AA}.Release|Any CPU.ActiveCfg = Release|Any CPU
		{96C3330D-29EE-4AC7-BF89-E6E721CD97AA}.Release|Any CPU.Build.0 = Release|Any CPU
		{DFC9CDEF-546A-4B1C-9D6A-87BCA7E24E4C}.Debug|Any CPU.ActiveCfg = Debug|Any CPU
		{DFC9CDEF-546A-4B1C-9D6A-87BCA7E24E4C}.Debug|Any CPU.Build.0 = Debug|Any CPU
		{DFC9CDEF-546A-4B1C-9D6A-87BCA7E24E4C}.Release|Any CPU.ActiveCfg = Release|Any CPU
		{DFC9CDEF-546A-4B1C-9D6A-87BCA7E24E4C}.Release|Any CPU.Build.0 = Release|Any CPU
		{445FB17D-43E3-4CDD-B96F-3CE0D1A26CDF}.Debug|Any CPU.ActiveCfg = Debug|Any CPU
		{445FB17D-43E3-4CDD-B96F-3CE0D1A26CDF}.Debug|Any CPU.Build.0 = Debug|Any CPU
		{445FB17D-43E3-4CDD-B96F-3CE0D1A26CDF}.Release|Any CPU.ActiveCfg = Release|Any CPU
		{445FB17D-43E3-4CDD-B96F-3CE0D1A26CDF}.Release|Any CPU.Build.0 = Release|Any CPU
		{8FE733C1-87E8-4263-A2AD-F3B631FB08FD}.Debug|Any CPU.ActiveCfg = Debug|Any CPU
		{8FE733C1-87E8-4263-A2AD-F3B631FB08FD}.Debug|Any CPU.Build.0 = Debug|Any CPU
		{8FE733C1-87E8-4263-A2AD-F3B631FB08FD}.Release|Any CPU.ActiveCfg = Release|Any CPU
		{8FE733C1-87E8-4263-A2AD-F3B631FB08FD}.Release|Any CPU.Build.0 = Release|Any CPU
		{2938AEE8-C743-4E1D-83B4-DA2FCED27D2C}.Debug|Any CPU.ActiveCfg = Debug|Any CPU
		{2938AEE8-C743-4E1D-83B4-DA2FCED27D2C}.Debug|Any CPU.Build.0 = Debug|Any CPU
		{2938AEE8-C743-4E1D-83B4-DA2FCED27D2C}.Release|Any CPU.ActiveCfg = Release|Any CPU
		{2938AEE8-C743-4E1D-83B4-DA2FCED27D2C}.Release|Any CPU.Build.0 = Release|Any CPU
		{23D13F93-9174-4631-9ED6-DB0105FC3A99}.Debug|Any CPU.ActiveCfg = Debug|Any CPU
		{23D13F93-9174-4631-9ED6-DB0105FC3A99}.Debug|Any CPU.Build.0 = Debug|Any CPU
		{23D13F93-9174-4631-9ED6-DB0105FC3A99}.Release|Any CPU.ActiveCfg = Release|Any CPU
		{23D13F93-9174-4631-9ED6-DB0105FC3A99}.Release|Any CPU.Build.0 = Release|Any CPU
		{3C21EAAB-270F-4176-94BD-B24F73FF5852}.Debug|Any CPU.ActiveCfg = Debug|Any CPU
		{3C21EAAB-270F-4176-94BD-B24F73FF5852}.Debug|Any CPU.Build.0 = Debug|Any CPU
		{3C21EAAB-270F-4176-94BD-B24F73FF5852}.Release|Any CPU.ActiveCfg = Release|Any CPU
		{3C21EAAB-270F-4176-94BD-B24F73FF5852}.Release|Any CPU.Build.0 = Release|Any CPU
		{CBB98BF4-B0B6-49CD-BBB3-FD0D372CDED2}.Debug|Any CPU.ActiveCfg = Debug|Any CPU
		{CBB98BF4-B0B6-49CD-BBB3-FD0D372CDED2}.Debug|Any CPU.Build.0 = Debug|Any CPU
		{CBB98BF4-B0B6-49CD-BBB3-FD0D372CDED2}.Release|Any CPU.ActiveCfg = Release|Any CPU
		{CBB98BF4-B0B6-49CD-BBB3-FD0D372CDED2}.Release|Any CPU.Build.0 = Release|Any CPU
		{B7341E56-6BD6-484E-83B2-3C57F2893CE4}.Debug|Any CPU.ActiveCfg = Debug|Any CPU
		{B7341E56-6BD6-484E-83B2-3C57F2893CE4}.Debug|Any CPU.Build.0 = Debug|Any CPU
		{B7341E56-6BD6-484E-83B2-3C57F2893CE4}.Release|Any CPU.ActiveCfg = Release|Any CPU
		{B7341E56-6BD6-484E-83B2-3C57F2893CE4}.Release|Any CPU.Build.0 = Release|Any CPU
		{E495FA66-9A5D-4015-BD3E-E4E8E10BF165}.Debug|Any CPU.ActiveCfg = Debug|Any CPU
		{E495FA66-9A5D-4015-BD3E-E4E8E10BF165}.Debug|Any CPU.Build.0 = Debug|Any CPU
		{E495FA66-9A5D-4015-BD3E-E4E8E10BF165}.Release|Any CPU.ActiveCfg = Release|Any CPU
		{E495FA66-9A5D-4015-BD3E-E4E8E10BF165}.Release|Any CPU.Build.0 = Release|Any CPU
	EndGlobalSection
EndGlobal
