
Microsoft Visual Studio Solution File, Format Version 12.00
# Visual Studio Version 17
VisualStudioVersion = 17.0.31903.59
MinimumVisualStudioVersion = 10.0.40219.1
Project("{FAE04EC0-301F-11D3-BF4B-00C04F79EFBC}") = "UnrealSharp.Automation", "..\..\Build\Scripts\UnrealSharp.Automation.csproj", "{5F2EB177-C8D7-4D7D-89FB-F6ED2ED3D55B}"
EndProject
Project("{FAE04EC0-301F-11D3-BF4B-00C04F79EFBC}") = "UnrealSharpManagedGlue.ubtplugin", "UnrealSharpManagedGlue.ubtplugin.csproj", "{49B69049-E5F9-4163-967C-726ACADAC79D}"
EndProject
Global
	GlobalSection(SolutionConfigurationPlatforms) = preSolution
		Debug|Any CPU = Debug|Any CPU
		Debug|x64 = Debug|x64
		Debug|x86 = Debug|x86
		Release|Any CPU = Release|Any CPU
		Release|x64 = Release|x64
		Release|x86 = Release|x86
	EndGlobalSection
	GlobalSection(ProjectConfigurationPlatforms) = postSolution
		{5F2EB177-C8D7-4D7D-89FB-F6ED2ED3D55B}.Debug|Any CPU.ActiveCfg = Debug|Any CPU
		{5F2EB177-C8D7-4D7D-89FB-F6ED2ED3D55B}.Debug|Any CPU.Build.0 = Debug|Any CPU
		{5F2EB177-C8D7-4D7D-89FB-F6ED2ED3D55B}.Debug|x64.ActiveCfg = Debug|Any CPU
		{5F2EB177-C8D7-4D7D-89FB-F6ED2ED3D55B}.Debug|x64.Build.0 = Debug|Any CPU
		{5F2EB177-C8D7-4D7D-89FB-F6ED2ED3D55B}.Debug|x86.ActiveCfg = Debug|Any CPU
		{5F2EB177-C8D7-4D7D-89FB-F6ED2ED3D55B}.Debug|x86.Build.0 = Debug|Any CPU
		{5F2EB177-C8D7-4D7D-89FB-F6ED2ED3D55B}.Release|Any CPU.ActiveCfg = Release|Any CPU
		{5F2EB177-C8D7-4D7D-89FB-F6ED2ED3D55B}.Release|Any CPU.Build.0 = Release|Any CPU
		{5F2EB177-C8D7-4D7D-89FB-F6ED2ED3D55B}.Release|x64.ActiveCfg = Release|Any CPU
		{5F2EB177-C8D7-4D7D-89FB-F6ED2ED3D55B}.Release|x64.Build.0 = Release|Any CPU
		{5F2EB177-C8D7-4D7D-89FB-F6ED2ED3D55B}.Release|x86.ActiveCfg = Release|Any CPU
		{5F2EB177-C8D7-4D7D-89FB-F6ED2ED3D55B}.Release|x86.Build.0 = Release|Any CPU
		{49B69049-E5F9-4163-967C-726ACADAC79D}.Debug|Any CPU.ActiveCfg = Debug|Any CPU
		{49B69049-E5F9-4163-967C-726ACADAC79D}.Debug|Any CPU.Build.0 = Debug|Any CPU
		{49B69049-E5F9-4163-967C-726ACADAC79D}.Debug|x64.ActiveCfg = Debug|Any CPU
		{49B69049-E5F9-4163-967C-726ACADAC79D}.Debug|x64.Build.0 = Debug|Any CPU
		{49B69049-E5F9-4163-967C-726ACADAC79D}.Debug|x86.ActiveCfg = Debug|Any CPU
		{49B69049-E5F9-4163-967C-726ACADAC79D}.Debug|x86.Build.0 = Debug|Any CPU
		{49B69049-E5F9-4163-967C-726ACADAC79D}.Release|Any CPU.ActiveCfg = Release|Any CPU
		{49B69049-E5F9-4163-967C-726ACADAC79D}.Release|Any CPU.Build.0 = Release|Any CPU
		{49B69049-E5F9-4163-967C-726ACADAC79D}.Release|x64.ActiveCfg = Release|Any CPU
		{49B69049-E5F9-4163-967C-726ACADAC79D}.Release|x64.Build.0 = Release|Any CPU
		{49B69049-E5F9-4163-967C-726ACADAC79D}.Release|x86.ActiveCfg = Release|Any CPU
		{49B69049-E5F9-4163-967C-726ACADAC79D}.Release|x86.Build.0 = Release|Any CPU
	EndGlobalSection
	GlobalSection(SolutionProperties) = preSolution
		HideSolutionNode = FALSE
	EndGlobalSection
EndGlobal
